
Microsoft Visual Studio Solution File, Format Version 12.00
# Visual Studio Version 16
VisualStudioVersion = 16.0.33423.256
MinimumVisualStudioVersion = 10.0.40219.1
Project("{FAE04EC0-301F-11D3-BF4B-00C04F79EFBC}") = "WindowsFormsApp1", "WindowsFormsApp1\WindowsFormsApp1.csproj", "{7F526137-0D04-4322-ACEA-1585797EAF5C}"
EndProject
Global
	GlobalSection(SolutionConfigurationPlatforms) = preSolution
		Debug|Any CPU = Debug|Any CPU
		Release|Any CPU = Release|Any CPU
	EndGlobalSection
	GlobalSection(ProjectConfigurationPlatforms) = postSolution
		{7F526137-0D04-4322-ACEA-1585797EAF5C}.Debug|Any CPU.ActiveCfg = Debug|Any CPU
		{7F526137-0D04-4322-ACEA-1585797EAF5C}.Debug|Any CPU.Build.0 = Debug|Any CPU
		{7F526137-0D04-4322-ACEA-1585797EAF5C}.Release|Any CPU.ActiveCfg = Release|Any CPU
		{7F526137-0D04-4322-ACEA-1585797EAF5C}.Release|Any CPU.Build.0 = Release|Any CPU
	EndGlobalSection
	GlobalSection(SolutionProperties) = preSolution
		HideSolutionNode = FALSE
	EndGlobalSection
	GlobalSection(ExtensibilityGlobals) = postSolution
		SolutionGuid = {4B26E0DB-2191-4907-8200-803E3462A939}
	EndGlobalSection
EndGlobal
